
Microsoft Visual Studio Solution File, Format Version 12.00
# Visual Studio Version 17
VisualStudioVersion = 17.14.36414.22 d17.14
MinimumVisualStudioVersion = 10.0.40219.1
Project("{8BC9CEB8-8B4A-11D0-8D11-00A0C91BC942}") = "MyPlot2D", "MyPlot2D.vcxproj", "{EACC8C56-3352-4E07-8D2C-E9F4B9282E38}"
EndProject
Global
	GlobalSection(SolutionConfigurationPlatforms) = preSolution
		Debug|x64 = Debug|x64
		Debug|x86 = Debug|x86
		Release|x64 = Release|x64
		Release|x86 = Release|x86
	EndGlobalSection
	GlobalSection(ProjectConfigurationPlatforms) = postSolution
		{EACC8C56-3352-4E07-8D2C-E9F4B9282E38}.Debug|x64.ActiveCfg = Debug|x64
		{EACC8C56-3352-4E07-8D2C-E9F4B9282E38}.Debug|x64.Build.0 = Debug|x64
		{EACC8C56-3352-4E07-8D2C-E9F4B9282E38}.Debug|x86.ActiveCfg = Debug|Win32
		{EACC8C56-3352-4E07-8D2C-E9F4B9282E38}.Debug|x86.Build.0 = Debug|Win32
		{EACC8C56-3352-4E07-8D2C-E9F4B9282E38}.Release|x64.ActiveCfg = Release|x64
		{EACC8C56-3352-4E07-8D2C-E9F4B9282E38}.Release|x64.Build.0 = Release|x64
		{EACC8C56-3352-4E07-8D2C-E9F4B9282E38}.Release|x86.ActiveCfg = Release|Win32
		{EACC8C56-3352-4E07-8D2C-E9F4B9282E38}.Release|x86.Build.0 = Release|Win32
	EndGlobalSection
	GlobalSection(SolutionProperties) = preSolution
		HideSolutionNode = FALSE
	EndGlobalSection
	GlobalSection(ExtensibilityGlobals) = postSolution
		SolutionGuid = {65D37112-BFBD-42A8-A4CD-76F348E6487F}
	EndGlobalSection
EndGlobal
