{
  "name": "m0603-romigo",
  "version": "1.0.0",
  "lockfileVersion": 3,
  "requires": true,
  "packages": {
    "": {
      "name": "m0603-romigo",
      "version": "1.0.0",
      "license": "ISC",
      "dependencies": {
        "m0603-romigo": "^1.0.0",
        "nodemailer": "^7.0.10"
      }
    },
    "node_modules/m0603-romigo": {
      "version": "1.0.0",
      "resolved": "https://registry.npmjs.org/m0603-romigo/-/m0603-romigo-1.0.0.tgz",
      "integrity": "sha512-YoBlVpDpbYpeqmAM4dH7pO9CkUydl3p8x2OFk+6mSINK3ilfMfw+VBAJDxmptubf1EcKGZxTsMgDLdWHLko1xw==",
      "license": "ISC",
      "dependencies": {
        "nodemailer": "^7.0.10"
      }
    },
    "node_modules/nodemailer": {
      "version": "7.0.10",
      "resolved": "https://registry.npmjs.org/nodemailer/-/nodemailer-7.0.10.tgz",
      "integrity": "sha512-Us/Se1WtT0ylXgNFfyFSx4LElllVLJXQjWi2Xz17xWw7amDKO2MLtFnVp1WACy7GkVGs+oBlRopVNUzlrGSw1w==",
      "license": "MIT-0",
      "engines": {
        "node": ">=6.0.0"
      }
    }
  }
}
